Microsoft Visual Studio Solution File, Format Version 12.00
# Visual Studio Version 17
VisualStudioVersion = 17.5.2.0
MinimumVisualStudioVersion = 10.0.40219.1
Project("{FAE04EC0-301F-11D3-BF4B-00C04F79EFBC}") = "CadastroUsuarios", "CadastroUsuarios\CadastroUsuarios.csproj", "{4676ED02-841B-E00E-7F54-CF3D5A2839A7}"
EndProject
Global
	GlobalSection(SolutionConfigurationPlatforms) = preSolution
		Debug|Any CPU = Debug|Any CPU
		Release|Any CPU = Release|Any CPU
	EndGlobalSection
	GlobalSection(ProjectConfigurationPlatforms) = postSolution
		{4676ED02-841B-E00E-7F54-CF3D5A2839A7}.Debug|Any CPU.ActiveCfg = Debug|Any CPU
		{4676ED02-841B-E00E-7F54-CF3D5A2839A7}.Debug|Any CPU.Build.0 = Debug|Any CPU
		{4676ED02-841B-E00E-7F54-CF3D5A2839A7}.Release|Any CPU.ActiveCfg = Release|Any CPU
		{4676ED02-841B-E00E-7F54-CF3D5A2839A7}.Release|Any CPU.Build.0 = Release|Any CPU
	EndGlobalSection
	GlobalSection(SolutionProperties) = preSolution
		HideSolutionNode = FALSE
	EndGlobalSection
	GlobalSection(ExtensibilityGlobals) = postSolution
		SolutionGuid = {41F473D6-12D6-4FA3-8791-3DAD3B04C4D6}
	EndGlobalSection
EndGlobal
